
Microsoft Visual Studio Solution File, Format Version 12.00
# Visual Studio 15
VisualStudioVersion = 15.0.28307.1433
MinimumVisualStudioVersion = 10.0.40219.1
Project("{9A19103F-16F7-4668-BE54-9A1E7A4F7556}") = "AssemblyExamples", "AssemblyExamples\AssemblyExamples.csproj", "{6705EE07-AA8E-476B-B0EA-4098FB9D1461}"
EndProject
Global
	GlobalSection(SolutionConfigurationPlatforms) = preSolution
		Debug|Any CPU = Debug|Any CPU
		Release|Any CPU = Release|Any CPU
	EndGlobalSection
	GlobalSection(ProjectConfigurationPlatforms) = postSolution
		{6705EE07-AA8E-476B-B0EA-4098FB9D1461}.Debug|Any CPU.ActiveCfg = Debug|Any CPU
		{6705EE07-AA8E-476B-B0EA-4098FB9D1461}.Debug|Any CPU.Build.0 = Debug|Any CPU
		{6705EE07-AA8E-476B-B0EA-4098FB9D1461}.Release|Any CPU.ActiveCfg = Release|Any CPU
		{6705EE07-AA8E-476B-B0EA-4098FB9D1461}.Release|Any CPU.Build.0 = Release|Any CPU
	EndGlobalSection
	GlobalSection(SolutionProperties) = preSolution
		HideSolutionNode = FALSE
	EndGlobalSection
	GlobalSection(ExtensibilityGlobals) = postSolution
		SolutionGuid = {1CF27A5F-3B96-4E74-BEB3-403411ABF46B}
	EndGlobalSection
EndGlobal
